
Microsoft Visual Studio Solution File, Format Version 12.00
# Visual Studio Version 16
VisualStudioVersion = 16.0.30309.148
MinimumVisualStudioVersion = 10.0.40219.1
Project("{FAE04EC0-301F-11D3-BF4B-00C04F79EFBC}") = "Pirveli Davaleba", "Pirveli Davaleba\Pirveli Davaleba.csproj", "{5D71E079-96C9-467A-B222-A6206442B891}"
EndProject
Global
	GlobalSection(SolutionConfigurationPlatforms) = preSolution
		Debug|Any CPU = Debug|Any CPU
		Release|Any CPU = Release|Any CPU
	EndGlobalSection
	GlobalSection(ProjectConfigurationPlatforms) = postSolution
		{5D71E079-96C9-467A-B222-A6206442B891}.Debug|Any CPU.ActiveCfg = Debug|Any CPU
		{5D71E079-96C9-467A-B222-A6206442B891}.Debug|Any CPU.Build.0 = Debug|Any CPU
		{5D71E079-96C9-467A-B222-A6206442B891}.Release|Any CPU.ActiveCfg = Release|Any CPU
		{5D71E079-96C9-467A-B222-A6206442B891}.Release|Any CPU.Build.0 = Release|Any CPU
	EndGlobalSection
	GlobalSection(SolutionProperties) = preSolution
		HideSolutionNode = FALSE
	EndGlobalSection
	GlobalSection(ExtensibilityGlobals) = postSolution
		SolutionGuid = {EC3AB3D8-DB76-486D-881C-67E998A36E10}
	EndGlobalSection
EndGlobal
